
Microsoft Visual Studio Solution File, Format Version 12.00
# Visual Studio Version 17
VisualStudioVersion = 17.8.34525.116
MinimumVisualStudioVersion = 10.0.40219.1
Project("{FAE04EC0-301F-11D3-BF4B-00C04F79EFBC}") = "WinFormsApp_EF_iliskiliTablolar", "WinFormsApp_EF_iliskiliTablolar\WinFormsApp_EF_iliskiliTablolar.csproj", "{B112B899-6C87-46E7-ABA4-21D00B4AFFAE}"
EndProject
Global
	GlobalSection(SolutionConfigurationPlatforms) = preSolution
		Debug|Any CPU = Debug|Any CPU
		Release|Any CPU = Release|Any CPU
	EndGlobalSection
	GlobalSection(ProjectConfigurationPlatforms) = postSolution
		{B112B899-6C87-46E7-ABA4-21D00B4AFFAE}.Debug|Any CPU.ActiveCfg = Debug|Any CPU
		{B112B899-6C87-46E7-ABA4-21D00B4AFFAE}.Debug|Any CPU.Build.0 = Debug|Any CPU
		{B112B899-6C87-46E7-ABA4-21D00B4AFFAE}.Release|Any CPU.ActiveCfg = Release|Any CPU
		{B112B899-6C87-46E7-ABA4-21D00B4AFFAE}.Release|Any CPU.Build.0 = Release|Any CPU
	EndGlobalSection
	GlobalSection(SolutionProperties) = preSolution
		HideSolutionNode = FALSE
	EndGlobalSection
	GlobalSection(ExtensibilityGlobals) = postSolution
		SolutionGuid = {BF7E6987-BBD0-488C-8848-E8BDB8C4BF68}
	EndGlobalSection
EndGlobal
